
Microsoft Visual Studio Solution File, Format Version 12.00
# Visual Studio Version 17
VisualStudioVersion = 17.13.35931.197 d17.13
MinimumVisualStudioVersion = 10.0.40219.1
Project("{FAE04EC0-301F-11D3-BF4B-00C04F79EFBC}") = "WebsiteCV", "WebsiteCV\WebsiteCV.csproj", "{3422399A-1F6F-4437-8F6F-C78914CAEA49}"
EndProject
Global
	GlobalSection(SolutionConfigurationPlatforms) = preSolution
		Debug|Any CPU = Debug|Any CPU
		Release|Any CPU = Release|Any CPU
	EndGlobalSection
	GlobalSection(ProjectConfigurationPlatforms) = postSolution
		{3422399A-1F6F-4437-8F6F-C78914CAEA49}.Debug|Any CPU.ActiveCfg = Debug|Any CPU
		{3422399A-1F6F-4437-8F6F-C78914CAEA49}.Debug|Any CPU.Build.0 = Debug|Any CPU
		{3422399A-1F6F-4437-8F6F-C78914CAEA49}.Release|Any CPU.ActiveCfg = Release|Any CPU
		{3422399A-1F6F-4437-8F6F-C78914CAEA49}.Release|Any CPU.Build.0 = Release|Any CPU
	EndGlobalSection
	GlobalSection(SolutionProperties) = preSolution
		HideSolutionNode = FALSE
	EndGlobalSection
	GlobalSection(ExtensibilityGlobals) = postSolution
		SolutionGuid = {7C1FFBEF-F0C8-4991-93AB-EDBF89965570}
	EndGlobalSection
EndGlobal
